
Microsoft Visual Studio Solution File, Format Version 12.00
# Visual Studio 2012
Project("{FAE04EC0-301F-11D3-BF4B-00C04F79EFBC}") = "ClassLibrary", "ClassLibrary\ClassLibrary.csproj", "{DEF0B5C5-038F-42EF-BFD4-A243B70D4E86}"
EndProject
Project("{FAE04EC0-301F-11D3-BF4B-00C04F79EFBC}") = "ESBasic", "ESBasic\ESBasic.csproj", "{0905058F-A55A-4827-98A8-9D2CC5912244}"
EndProject
Global
	GlobalSection(SolutionConfigurationPlatforms) = preSolution
		Debug|Any CPU = Debug|Any CPU
		Release|Any CPU = Release|Any CPU
	EndGlobalSection
	GlobalSection(ProjectConfigurationPlatforms) = postSolution
		{DEF0B5C5-038F-42EF-BFD4-A243B70D4E86}.Debug|Any CPU.ActiveCfg = Debug|Any CPU
		{DEF0B5C5-038F-42EF-BFD4-A243B70D4E86}.Debug|Any CPU.Build.0 = Debug|Any CPU
		{DEF0B5C5-038F-42EF-BFD4-A243B70D4E86}.Release|Any CPU.ActiveCfg = Release|Any CPU
		{DEF0B5C5-038F-42EF-BFD4-A243B70D4E86}.Release|Any CPU.Build.0 = Release|Any CPU
		{0905058F-A55A-4827-98A8-9D2CC5912244}.Debug|Any CPU.ActiveCfg = Debug|Any CPU
		{0905058F-A55A-4827-98A8-9D2CC5912244}.Debug|Any CPU.Build.0 = Debug|Any CPU
		{0905058F-A55A-4827-98A8-9D2CC5912244}.Release|Any CPU.ActiveCfg = Release|Any CPU
		{0905058F-A55A-4827-98A8-9D2CC5912244}.Release|Any CPU.Build.0 = Release|Any CPU
	EndGlobalSection
	GlobalSection(SolutionProperties) = preSolution
		HideSolutionNode = FALSE
	EndGlobalSection
EndGlobal
